
Microsoft Visual Studio Solution File, Format Version 12.00
# Visual Studio Version 17
VisualStudioVersion = 17.5.002.0
MinimumVisualStudioVersion = 10.0.40219.1
Project("{9A19103F-16F7-4668-BE54-9A1E7A4F7556}") = "BancoCSharp", "BancoCSharp.csproj", "{E30D5A2A-E39B-4DC6-9452-57D6CC89CAB3}"
EndProject
Global
	GlobalSection(SolutionConfigurationPlatforms) = preSolution
		Debug|Any CPU = Debug|Any CPU
		Release|Any CPU = Release|Any CPU
	EndGlobalSection
	GlobalSection(ProjectConfigurationPlatforms) = postSolution
		{E30D5A2A-E39B-4DC6-9452-57D6CC89CAB3}.Debug|Any CPU.ActiveCfg = Debug|Any CPU
		{E30D5A2A-E39B-4DC6-9452-57D6CC89CAB3}.Debug|Any CPU.Build.0 = Debug|Any CPU
		{E30D5A2A-E39B-4DC6-9452-57D6CC89CAB3}.Release|Any CPU.ActiveCfg = Release|Any CPU
		{E30D5A2A-E39B-4DC6-9452-57D6CC89CAB3}.Release|Any CPU.Build.0 = Release|Any CPU
	EndGlobalSection
	GlobalSection(SolutionProperties) = preSolution
		HideSolutionNode = FALSE
	EndGlobalSection
	GlobalSection(ExtensibilityGlobals) = postSolution
		SolutionGuid = {DE1CE47A-9F44-46CA-979B-1C7E6987E909}
	EndGlobalSection
EndGlobal
